<?xml version="1.0" encoding="utf-8"?>
<Project ToolsVersion="4.0" xmlns="http://schemas.microsoft.com/developer/msbuild/2003">
  <ItemGroup>
    <Filter Include="Исходные файлы">
      <UniqueIdentifier>{4FC737F1-C7A5-4376-A066-2A32D752A2FF}</UniqueIdentifier>
      <Extensions>cpp;c;cc;cxx;c++;cppm;ixx;def;odl;idl;hpj;bat;asm;asmx</Extensions>
    </Filter>
    <Filter Include="Файлы заголовков">
      <UniqueIdentifier>{93995380-89BD-4b04-88EB-625FBE52EBFB}</UniqueIdentifier>
      <Extensions>h;hh;hpp;hxx;h++;hm;inl;inc;ipp;xsd</Extensions>
    </Filter>
    <Filter Include="Файлы ресурсов">
      <UniqueIdentifier>{67DA6AB6-F800-4c08-8B7A-83BB121AAD01}</UniqueIdentifier>
      <Extensions>rc;ico;cur;bmp;dlg;rc2;rct;bin;rgs;gif;jpg;jpeg;jpe;resx;tiff;tif;png;wav;mfcribbon-ms</Extensions>
    </Filter>
    <Filter Include="Исходные файлы\Deferred">
      <UniqueIdentifier>{a13427a7-aef8-4620-815a-26d939a471ab}</UniqueIdentifier>
    </Filter>
    <Filter Include="Файлы заголовков\Deferred">
      <UniqueIdentifier>{2a38c463-d0de-4db1-b6d6-119ff3c95be0}</UniqueIdentifier>
    </Filter>
    <Filter Include="DeferredLighting">
      <UniqueIdentifier>{427e7753-5b13-440d-9e08-7bebd55c71d7}</UniqueIdentifier>
    </Filter>
    <Filter Include="ParticleSystem">
      <UniqueIdentifier>{5ebbdba6-92c2-4659-b05a-8aad3c304975}</UniqueIdentifier>
    </Filter>
  </ItemGroup>
  <ItemGroup>
    <ClCompile Include="CPP\DisplayWin32.cpp">
      <Filter>Исходные файлы</Filter>
    </ClCompile>
    <ClCompile Include="CPP\Square.cpp">
      <Filter>Исходные файлы</Filter>
    </ClCompile>
    <ClCompile Include="CPP\Triangle.cpp">
      <Filter>Исходные файлы</Filter>
    </ClCompile>
    <ClCompile Include="CPP\TriangleComponent.cpp">
      <Filter>Исходные файлы</Filter>
    </ClCompile>
    <ClCompile Include="CPP\Delegates.cpp">
      <Filter>Исходные файлы</Filter>
    </ClCompile>
    <ClCompile Include="CPP\InputDevice.cpp">
      <Filter>Исходные файлы</Filter>
    </ClCompile>
    <ClCompile Include="CPP\Game.cpp">
      <Filter>Исходные файлы</Filter>
    </ClCompile>
    <ClCompile Include="CPP\GameObject.cpp">
      <Filter>Исходные файлы</Filter>
    </ClCompile>
    <ClCompile Include="CPP\Camera.cpp">
      <Filter>Исходные файлы</Filter>
    </ClCompile>
    <ClCompile Include="CPP\Texture.cpp">
      <Filter>Исходные файлы</Filter>
    </ClCompile>
    <ClCompile Include="CPP\ColorHelper.cpp">
      <Filter>Исходные файлы</Filter>
    </ClCompile>
    <ClCompile Include="CPP\StringHelper.cpp">
      <Filter>Исходные файлы</Filter>
    </ClCompile>
    <ClCompile Include="CPP\LoadModel.cpp">
      <Filter>Исходные файлы</Filter>
    </ClCompile>
    <ClCompile Include="CPP\DebugRenderSysImpl.cpp">
      <Filter>Исходные файлы</Filter>
    </ClCompile>
    <ClCompile Include="CPP\VertexPositionColor.cpp">
      <Filter>Исходные файлы</Filter>
    </ClCompile>
    <ClCompile Include="CPP\RenderPass.cpp">
      <Filter>Исходные файлы\Deferred</Filter>
    </ClCompile>
    <ClCompile Include="CPP\GBufferPass.cpp">
      <Filter>Исходные файлы\Deferred</Filter>
    </ClCompile>
    <ClCompile Include="CPP\LightPass.cpp">
      <Filter>Исходные файлы\Deferred</Filter>
    </ClCompile>
    <ClCompile Include="Scene.cpp">
      <Filter>Исходные файлы</Filter>
    </ClCompile>
    <ClCompile Include="DeferredRenderer.cpp">
      <Filter>Исходные файлы\Deferred</Filter>
    </ClCompile>
    <ClCompile Include="DeferredGame.cpp">
      <Filter>Исходные файлы\Deferred</Filter>
    </ClCompile>
    <ClCompile Include="Light\AmbientLight.cpp">
      <Filter>DeferredLighting</Filter>
    </ClCompile>
    <ClCompile Include="Light\LightObject.cpp">
      <Filter>DeferredLighting</Filter>
    </ClCompile>
    <ClCompile Include="Light\DirectionalLight.cpp">
      <Filter>DeferredLighting</Filter>
    </ClCompile>
    <ClCompile Include="Light\PointLight.cpp">
      <Filter>DeferredLighting</Filter>
    </ClCompile>
    <ClCompile Include="Light\SpotLight.cpp">
      <Filter>DeferredLighting</Filter>
    </ClCompile>
    <ClCompile Include="ParticleSystem\ParticleSystem.cpp">
      <Filter>ParticleSystem</Filter>
    </ClCompile>
  </ItemGroup>
  <ItemGroup>
    <ClInclude Include="CPP\DisplayWin32.h">
      <Filter>Файлы заголовков</Filter>
    </ClInclude>
    <ClInclude Include="CPP\TriangleComponent.h">
      <Filter>Файлы заголовков</Filter>
    </ClInclude>
    <ClInclude Include="CPP\ShapeType.h">
      <Filter>Файлы заголовков</Filter>
    </ClInclude>
    <ClInclude Include="CPP\Triangle.h">
      <Filter>Файлы заголовков</Filter>
    </ClInclude>
    <ClInclude Include="CPP\Square.h">
      <Filter>Файлы заголовков</Filter>
    </ClInclude>
    <ClInclude Include="CPP\Keys.h">
      <Filter>Файлы заголовков</Filter>
    </ClInclude>
    <ClInclude Include="CPP\Delegates.h">
      <Filter>Файлы заголовков</Filter>
    </ClInclude>
    <ClInclude Include="CPP\InputDevice.h">
      <Filter>Файлы заголовков</Filter>
    </ClInclude>
    <ClInclude Include="CPP\Game.h">
      <Filter>Файлы заголовков</Filter>
    </ClInclude>
    <ClInclude Include="CPP\GameObject.h">
      <Filter>Файлы заголовков</Filter>
    </ClInclude>
    <ClInclude Include="CPP\Camera.h">
      <Filter>Файлы заголовков</Filter>
    </ClInclude>
    <ClInclude Include="CPP\Texture.h">
      <Filter>Файлы заголовков</Filter>
    </ClInclude>
    <ClInclude Include="CPP\ColorHelper.h">
      <Filter>Файлы заголовков</Filter>
    </ClInclude>
    <ClInclude Include="CPP\StringHelper.h">
      <Filter>Файлы заголовков</Filter>
    </ClInclude>
    <ClInclude Include="CPP\LoadModel.h">
      <Filter>Файлы заголовков</Filter>
    </ClInclude>
    <ClInclude Include="CPP\MyStructs.h">
      <Filter>Файлы заголовков</Filter>
    </ClInclude>
    <ClInclude Include="CPP\DebugRenderSysImpl.h">
      <Filter>Файлы заголовков</Filter>
    </ClInclude>
    <ClInclude Include="CPP\VertexPositionColor.h">
      <Filter>Файлы заголовков</Filter>
    </ClInclude>
    <ClInclude Include="CPP\GBuffer.h">
      <Filter>Файлы заголовков</Filter>
    </ClInclude>
    <ClInclude Include="CPP\RenderPass.h">
      <Filter>Файлы заголовков\Deferred</Filter>
    </ClInclude>
    <ClInclude Include="CPP\GBufferPass.h">
      <Filter>Файлы заголовков\Deferred</Filter>
    </ClInclude>
    <ClInclude Include="CPP\LightPass.h">
      <Filter>Файлы заголовков\Deferred</Filter>
    </ClInclude>
    <ClInclude Include="Scene.h">
      <Filter>Файлы заголовков</Filter>
    </ClInclude>
    <ClInclude Include="CPP\RenderingSystem.h">
      <Filter>Файлы заголовков\Deferred</Filter>
    </ClInclude>
    <ClInclude Include="DeferredRenderer.h">
      <Filter>Файлы заголовков\Deferred</Filter>
    </ClInclude>
    <ClInclude Include="DeferredGame.h">
      <Filter>Файлы заголовков\Deferred</Filter>
    </ClInclude>
    <ClInclude Include="Light\AmbientLight.h">
      <Filter>DeferredLighting</Filter>
    </ClInclude>
    <ClInclude Include="Light\LightObject.h">
      <Filter>DeferredLighting</Filter>
    </ClInclude>
    <ClInclude Include="Light\DirectionalLight.h">
      <Filter>DeferredLighting</Filter>
    </ClInclude>
    <ClInclude Include="Light\PointLight.h">
      <Filter>DeferredLighting</Filter>
    </ClInclude>
    <ClInclude Include="Light\SpotLight.h">
      <Filter>DeferredLighting</Filter>
    </ClInclude>
    <ClInclude Include="ParticleSystem\ParticleSystem.h">
      <Filter>ParticleSystem</Filter>
    </ClInclude>
  </ItemGroup>
  <ItemGroup>
    <FxCompile Include="..\Pong\Shaders\CubeShader.hlsl">
      <Filter>Файлы ресурсов</Filter>
    </FxCompile>
    <FxCompile Include="Shaders\SkyBoxShader.hlsl">
      <Filter>Файлы ресурсов</Filter>
    </FxCompile>
    <FxCompile Include="Shaders\TexturedShader.hlsl">
      <Filter>Файлы ресурсов</Filter>
    </FxCompile>
    <FxCompile Include="Shaders\Simple.hlsl">
      <Filter>Файлы ресурсов</Filter>
    </FxCompile>
  </ItemGroup>
</Project>