
Microsoft Visual Studio Solution File, Format Version 12.00
# Visual Studio Version 17
VisualStudioVersion = 17.11.35312.102
MinimumVisualStudioVersion = 10.0.40219.1
Project("{8BC9CEB8-8B4A-11D0-8D11-00A0C91BC942}") = "Pong", "Pong\Pong.vcxproj", "{138B6143-CB19-4CF4-9982-116229FDCBC4}"
EndProject
Project("{8BC9CEB8-8B4A-11D0-8D11-00A0C91BC942}") = "FirstEngine", "FirstEngine\FirstEngine.vcxproj", "{485DACBB-E0E9-440A-A7D5-BB3D2E7F7845}"
EndProject
Project("{8BC9CEB8-8B4A-11D0-8D11-00A0C91BC942}") = "DirectXTK_Desktop_2022_Win10", "DirectXTK-main\DirectXTK_Desktop_2022_Win10.vcxproj", "{E0B52AE7-E160-4D32-BF3F-910B785E5A8E}"
EndProject
Project("{8BC9CEB8-8B4A-11D0-8D11-00A0C91BC942}") = "SolarSystem", "SolarSystem\SolarSystem.vcxproj", "{FAC4977C-2F03-4577-AE74-B507F145D34C}"
EndProject
Global
	GlobalSection(SolutionConfigurationPlatforms) = preSolution
		Debug|x64 = Debug|x64
		Debug|x86 = Debug|x86
		Release|x64 = Release|x64
		Release|x86 = Release|x86
	EndGlobalSection
	GlobalSection(ProjectConfigurationPlatforms) = postSolution
		{138B6143-CB19-4CF4-9982-116229FDCBC4}.Debug|x64.ActiveCfg = Debug|x64
		{138B6143-CB19-4CF4-9982-116229FDCBC4}.Debug|x64.Build.0 = Debug|x64
		{138B6143-CB19-4CF4-9982-116229FDCBC4}.Debug|x86.ActiveCfg = Debug|Win32
		{138B6143-CB19-4CF4-9982-116229FDCBC4}.Debug|x86.Build.0 = Debug|Win32
		{138B6143-CB19-4CF4-9982-116229FDCBC4}.Release|x64.ActiveCfg = Release|x64
		{138B6143-CB19-4CF4-9982-116229FDCBC4}.Release|x64.Build.0 = Release|x64
		{138B6143-CB19-4CF4-9982-116229FDCBC4}.Release|x86.ActiveCfg = Release|Win32
		{138B6143-CB19-4CF4-9982-116229FDCBC4}.Release|x86.Build.0 = Release|Win32
		{485DACBB-E0E9-440A-A7D5-BB3D2E7F7845}.Debug|x64.ActiveCfg = Debug|x64
		{485DACBB-E0E9-440A-A7D5-BB3D2E7F7845}.Debug|x64.Build.0 = Debug|x64
		{485DACBB-E0E9-440A-A7D5-BB3D2E7F7845}.Debug|x86.ActiveCfg = Debug|Win32
		{485DACBB-E0E9-440A-A7D5-BB3D2E7F7845}.Debug|x86.Build.0 = Debug|Win32
		{485DACBB-E0E9-440A-A7D5-BB3D2E7F7845}.Release|x64.ActiveCfg = Release|x64
		{485DACBB-E0E9-440A-A7D5-BB3D2E7F7845}.Release|x64.Build.0 = Release|x64
		{485DACBB-E0E9-440A-A7D5-BB3D2E7F7845}.Release|x86.ActiveCfg = Release|Win32
		{485DACBB-E0E9-440A-A7D5-BB3D2E7F7845}.Release|x86.Build.0 = Release|Win32
		{E0B52AE7-E160-4D32-BF3F-910B785E5A8E}.Debug|x64.ActiveCfg = Debug|x64
		{E0B52AE7-E160-4D32-BF3F-910B785E5A8E}.Debug|x64.Build.0 = Debug|x64
		{E0B52AE7-E160-4D32-BF3F-910B785E5A8E}.Debug|x86.ActiveCfg = Debug|Win32
		{E0B52AE7-E160-4D32-BF3F-910B785E5A8E}.Debug|x86.Build.0 = Debug|Win32
		{E0B52AE7-E160-4D32-BF3F-910B785E5A8E}.Release|x64.ActiveCfg = Release|x64
		{E0B52AE7-E160-4D32-BF3F-910B785E5A8E}.Release|x64.Build.0 = Release|x64
		{E0B52AE7-E160-4D32-BF3F-910B785E5A8E}.Release|x86.ActiveCfg = Release|Win32
		{E0B52AE7-E160-4D32-BF3F-910B785E5A8E}.Release|x86.Build.0 = Release|Win32
		{FAC4977C-2F03-4577-AE74-B507F145D34C}.Debug|x64.ActiveCfg = Debug|x64
		{FAC4977C-2F03-4577-AE74-B507F145D34C}.Debug|x64.Build.0 = Debug|x64
		{FAC4977C-2F03-4577-AE74-B507F145D34C}.Debug|x86.ActiveCfg = Debug|Win32
		{FAC4977C-2F03-4577-AE74-B507F145D34C}.Debug|x86.Build.0 = Debug|Win32
		{FAC4977C-2F03-4577-AE74-B507F145D34C}.Release|x64.ActiveCfg = Release|x64
		{FAC4977C-2F03-4577-AE74-B507F145D34C}.Release|x64.Build.0 = Release|x64
		{FAC4977C-2F03-4577-AE74-B507F145D34C}.Release|x86.ActiveCfg = Release|Win32
		{FAC4977C-2F03-4577-AE74-B507F145D34C}.Release|x86.Build.0 = Release|Win32
	EndGlobalSection
	GlobalSection(SolutionProperties) = preSolution
		HideSolutionNode = FALSE
	EndGlobalSection
	GlobalSection(ExtensibilityGlobals) = postSolution
		SolutionGuid = {A58D7D0B-C739-4D23-BD87-3D9FE7AF213B}
	EndGlobalSection
EndGlobal
